<Solution>
  <Configurations>
    <Platform Name="AnyCPU" />
    <Platform Name="ARM64" />
    <Platform Name="x64" />
    <Platform Name="x86" />
  </Configurations>
  <Folder Name="/Apps/">
    <Project Path="src/MCServerLauncher.Daemon/MCServerLauncher.Daemon.csproj">
      <Platform Solution="*|ARM64" Project="ARM64" />
      <Platform Solution="*|x64" Project="x64" />
      <Platform Solution="*|x86" Project="x86" />
    </Project>
    <Project Path="src/MCServerLauncher.WPF/MCServerLauncher.WPF.csproj">
      <Platform Solution="*|ARM64" Project="ARM64" />
      <Platform Solution="*|x64" Project="x64" />
      <Platform Solution="*|x86" Project="x86" />
    </Project>
  </Folder>
  <Folder Name="/Benchmarks/">
    <Project Path="benchmarks/MCServerLauncher.Benchmarks/MCServerLauncher.Benchmarks.csproj" />
  </Folder>
  <Folder Name="/Docs/">
    <File Path="AGENTS.md" />
    <File Path="CLAUDE.md" />
    <File Path="CONTRIBUTING.md" />
    <File Path="EXECUTE_PLAN.md" />
    <File Path="PROJECT_PLAN.md" />
    <File Path="README.md" />
    <File Path="README_ZH.md" />
    <File Path="RULES.md" />
  </Folder>
  <Folder Name="/Generators/">
    <Project Path="generators/MCServerLauncher.Daemon.Plugin.Generators/MCServerLauncher.Daemon.Plugin.Generators.csproj" />
  </Folder>
  <Folder Name="/Libraries/">
    <Project Path="src/MCServerLauncher.Common/MCServerLauncher.Common.csproj" />
    <Project Path="src/MCServerLauncher.Daemon.API/MCServerLauncher.Daemon.API.csproj" />
    <Project Path="src/MCServerLauncher.Daemon.Plugin.Sdk/MCServerLauncher.Daemon.Plugin.Sdk.csproj" />
    <Project Path="src/MCServerLauncher.DaemonClient/MCServerLauncher.DaemonClient.csproj" />
  </Folder>
  <Folder Name="/Skills/">
    <File Path="skills/init-my-project/SKILL.md" />
    <File Path="skills/mcsl-future/SKILL.md" />
  </Folder>
  <Folder Name="/Tests/">
    <Project Path="tests/MCServerLauncher.Daemon.ApiTests/MCServerLauncher.Daemon.ApiTests.csproj" />
    <Project Path="tests/MCServerLauncher.Daemon.Plugin.Generators.Tests/MCServerLauncher.Daemon.Plugin.Generators.Tests.csproj" />
    <Project Path="tests/MCServerLauncher.PluginIntegrationTests/MCServerLauncher.PluginIntegrationTests.csproj" />
    <Project Path="tests/MCServerLauncher.ProtocolTests/MCServerLauncher.ProtocolTests.csproj" />
    <Project Path="tests/MCServerLauncher.WPF.Tests/MCServerLauncher.WPF.Tests.csproj" />
  </Folder>
  <Folder Name="/Tools/">
    <Project Path="tools/MCServerLauncher.PerformanceGate/MCServerLauncher.PerformanceGate.csproj" />
    <Project Path="tools/MCServerLauncher.ProtocolDocs/MCServerLauncher.ProtocolDocs.csproj" />
  </Folder>
</Solution>
