
Microsoft Visual Studio Solution File, Format Version 12.00
# Visual Studio Version 17
VisualStudioVersion = 17.9.34723.18
MinimumVisualStudioVersion = 10.0.40219.1
Project("{FAE04EC0-301F-11D3-BF4B-00C04F79EFBC}") = "MCServerLauncher", "MCSL\MCServerLauncher.csproj", "{7FA0E42E-38F4-4E99-B149-559708BE409E}"
EndProject
Global
	GlobalSection(SolutionConfigurationPlatforms) = preSolution
		Debug|Any CPU = Debug|Any CPU
		Release|Any CPU = Release|Any CPU
	EndGlobalSection
	GlobalSection(ProjectConfigurationPlatforms) = postSolution
		{7FA0E42E-38F4-4E99-B149-559708BE409E}.Debug|Any CPU.ActiveCfg = Debug|Any CPU
		{7FA0E42E-38F4-4E99-B149-559708BE409E}.Debug|Any CPU.Build.0 = Debug|Any CPU
		{7FA0E42E-38F4-4E99-B149-559708BE409E}.Release|Any CPU.ActiveCfg = Release|Any CPU
		{7FA0E42E-38F4-4E99-B149-559708BE409E}.Release|Any CPU.Build.0 = Release|Any CPU
	EndGlobalSection
	GlobalSection(SolutionProperties) = preSolution
		HideSolutionNode = FALSE
	EndGlobalSection
	GlobalSection(ExtensibilityGlobals) = postSolution
		SolutionGuid = {F5E19E2D-E5CF-4B9A-9449-7675E3E5C4C0}
	EndGlobalSection
EndGlobal
