
Microsoft Visual Studio Solution File, Format Version 12.00
# Visual Studio Version 17
VisualStudioVersion = 17.9.34723.18
MinimumVisualStudioVersion = 10.0.40219.1
Project("{9A19103F-16F7-4668-BE54-9A1E7A4F7556}") = "MCServerLauncher.Daemon", "MCServerLauncher.Daemon\MCServerLauncher.Daemon.csproj", "{C56275CD-67EF-4C6F-B51C-66073956DD77}"
EndProject
Project("{9A19103F-16F7-4668-BE54-9A1E7A4F7556}") = "MCServerLauncher.Common", "MCServerLauncher.Common\MCServerLauncher.Common.csproj", "{DC5410B2-C6F2-4F6B-B567-10EE77173832}"
EndProject
Project("{FAE04EC0-301F-11D3-BF4B-00C04F79EFBC}") = "MCServerLauncher.WPF", "MCServerLauncher.WPF\MCServerLauncher.WPF.csproj", "{50682C9F-7845-4074-8DB5-25C1DAE55395}"
EndProject
Project("{FAE04EC0-301F-11D3-BF4B-00C04F79EFBC}") = "MCServerLauncher.WPF.Console", "MCServerLauncher.WPF.Console\MCServerLauncher.WPF.Console.csproj", "{6E828629-B994-426B-A522-924290561174}"
EndProject
Project("{2150E333-8FDC-42A3-9474-1A3956D46DE8}") = "解决方案项", "解决方案项", "{98496A89-07E3-493A-B273-C53C94FBCF57}"
	ProjectSection(SolutionItems) = preProject
		LICENSE = LICENSE
		manual.daemon.md = manual.daemon.md
		README.md = README.md
		ws-api.md = ws-api.md
	EndProjectSection
EndProject
Global
	GlobalSection(SolutionConfigurationPlatforms) = preSolution
		Debug|Any CPU = Debug|Any CPU
		Release|Any CPU = Release|Any CPU
	EndGlobalSection
	GlobalSection(ProjectConfigurationPlatforms) = postSolution
		{C56275CD-67EF-4C6F-B51C-66073956DD77}.Debug|Any CPU.ActiveCfg = Debug|Any CPU
		{C56275CD-67EF-4C6F-B51C-66073956DD77}.Debug|Any CPU.Build.0 = Debug|Any CPU
		{C56275CD-67EF-4C6F-B51C-66073956DD77}.Release|Any CPU.ActiveCfg = Release|Any CPU
		{C56275CD-67EF-4C6F-B51C-66073956DD77}.Release|Any CPU.Build.0 = Release|Any CPU
		{DC5410B2-C6F2-4F6B-B567-10EE77173832}.Debug|Any CPU.ActiveCfg = Debug|Any CPU
		{DC5410B2-C6F2-4F6B-B567-10EE77173832}.Debug|Any CPU.Build.0 = Debug|Any CPU
		{DC5410B2-C6F2-4F6B-B567-10EE77173832}.Release|Any CPU.ActiveCfg = Release|Any CPU
		{DC5410B2-C6F2-4F6B-B567-10EE77173832}.Release|Any CPU.Build.0 = Release|Any CPU
		{50682C9F-7845-4074-8DB5-25C1DAE55395}.Debug|Any CPU.ActiveCfg = Debug|Any CPU
		{50682C9F-7845-4074-8DB5-25C1DAE55395}.Debug|Any CPU.Build.0 = Debug|Any CPU
		{50682C9F-7845-4074-8DB5-25C1DAE55395}.Release|Any CPU.ActiveCfg = Release|Any CPU
		{50682C9F-7845-4074-8DB5-25C1DAE55395}.Release|Any CPU.Build.0 = Release|Any CPU
		{6E828629-B994-426B-A522-924290561174}.Debug|Any CPU.ActiveCfg = Debug|Any CPU
		{6E828629-B994-426B-A522-924290561174}.Debug|Any CPU.Build.0 = Debug|Any CPU
		{6E828629-B994-426B-A522-924290561174}.Release|Any CPU.ActiveCfg = Release|Any CPU
		{6E828629-B994-426B-A522-924290561174}.Release|Any CPU.Build.0 = Release|Any CPU
	EndGlobalSection
	GlobalSection(SolutionProperties) = preSolution
		HideSolutionNode = FALSE
	EndGlobalSection
	GlobalSection(ExtensibilityGlobals) = postSolution
		SolutionGuid = {F5E19E2D-E5CF-4B9A-9449-7675E3E5C4C0}
	EndGlobalSection
EndGlobal
